{
  "version": 4,
  "terraform_version": "1.0.9",
  "serial": 114,
  "lineage": "89de624c-41bd-57b2-41f3-0dbcb10b0c4a",
  "outputs": {
    "schedules": {
      "value": {
        "id": "2021-11-09 18:57:01.0011919 +0530 IST m=+1.066628001",
        "schedule_id": "a5707ecf-5768-4123-8f05-1d6cf487b7b0",
        "schedules": [
          {
            "description": "",
            "layers": [],
            "name": "terraform delete",
            "overrides": [],
            "summary": "",
            "team": "dd518f4d-dbce-4ad2-b5be-ceff597c67f8",
            "time_zone": "Asia/Kolkata",
            "unique_id": "a5707ecf-5768-4123-8f05-1d6cf487b7b0"
          }
        ],
        "team_id": "dd518f4d-dbce-4ad2-b5be-ceff597c67f8"
      },
      "type": [
        "object",
        {
          "id": "string",
          "schedule_id": "string",
          "schedules": [
            "list",
            [
              "object",
              {
                "description": "string",
                "layers": [
                  "list",
                  [
                    "object",
                    {
                      "is_active": "bool",
                      "last_edited": "string",
                      "name": "string",
                      "restriction_type": "number",
                      "restrictions": [
                        "list",
                        [
                          "object",
                          {
                            "duration": "number",
                            "start_day_of_week": "number",
                            "start_time_of_day": "string",
                            "unique_id": "string"
                          }
                        ]
                      ],
                      "rotation_end_time": "string",
                      "rotation_start_time": "string",
                      "shift_length": "number",
                      "unique_id": "string",
                      "users": [
                        "list",
                        [
                          "object",
                          {
                            "position": "number",
                            "unique_id": "string",
                            "user": "string"
                          }
                        ]
                      ]
                    }
                  ]
                ],
                "name": "string",
                "overrides": [
                  "list",
                  [
                    "object",
                    {
                      "end_time": "string",
                      "name": "string",
                      "start_time": "string",
                      "unique_id": "string",
                      "user": "string"
                    }
                  ]
                ],
                "summary": "string",
                "team": "string",
                "time_zone": "string",
                "unique_id": "string"
              }
            ]
          ],
          "team_id": "string"
        }
      ]
    }
  },
  "resources": [
    {
      "mode": "data",
      "type": "zenduty_schedules",
      "name": "schedules",
      "provider": "provider[\"terraform.zenduty1.com/zenduty1corp/zenduty1\"]",
      "instances": [
        {
          "schema_version": 0,
          "attributes": {
            "id": "2021-11-09 18:57:01.0011919 +0530 IST m=+1.066628001",
            "schedule_id": "a5707ecf-5768-4123-8f05-1d6cf487b7b0",
            "schedules": [
              {
                "description": "",
                "layers": [],
                "name": "terraform delete",
                "overrides": [],
                "summary": "",
                "team": "dd518f4d-dbce-4ad2-b5be-ceff597c67f8",
                "time_zone": "Asia/Kolkata",
                "unique_id": "a5707ecf-5768-4123-8f05-1d6cf487b7b0"
              }
            ],
            "team_id": "dd518f4d-dbce-4ad2-b5be-ceff597c67f8"
          },
          "sensitive_attributes": []
        }
      ]
    },
    {
      "mode": "managed",
      "type": "zenduty_roles",
      "name": "rank_test",
      "provider": "provider[\"terraform.zenduty1.com/zenduty1corp/zenduty1\"]",
      "instances": [
        {
          "schema_version": 0,
          "attributes": {
            "creation_date": null,
            "description": "T is the description for the new Role",
            "id": "44293147-ce4a-4d56-92e0-d12ad439970c",
            "rank": 10,
            "team": "510fca1c-4d29-430a-a164-adcbf1e455f1",
            "title": "crud",
            "unique_id": null
          },
          "sensitive_attributes": [],
          "private": "bnVsbA=="
        }
      ]
    },
    {
      "mode": "managed",
      "type": "zenduty_roles",
      "name": "test",
      "provider": "provider[\"terraform.zenduty1.com/zenduty1corp/zenduty1\"]",
      "instances": [
        {
          "schema_version": 0,
          "attributes": {
            "creation_date": null,
            "description": "T is the description for the new Role",
            "id": "f4929c11-4edf-468e-8d16-c0b32910edb5",
            "rank": 10,
            "team": "dd518f4d-dbce-4ad2-b5be-ceff597c67f8",
            "title": "crud",
            "unique_id": null
          },
          "sensitive_attributes": [],
          "private": "bnVsbA=="
        }
      ]
    },
    {
      "mode": "managed",
      "type": "zenduty_schedules",
      "name": "name",
      "provider": "provider[\"terraform.zenduty1.com/zenduty1corp/zenduty1\"]",
      "instances": [
        {
          "schema_version": 0,
          "attributes": {
            "description": null,
            "id": "a5707ecf-5768-4123-8f05-1d6cf487b7b0",
            "layers": [],
            "name": "terraform delete",
            "overrides": [],
            "summary": null,
            "team_id": "dd518f4d-dbce-4ad2-b5be-ceff597c67f8",
            "time_zone": "Asia/Kolkata"
          },
          "sensitive_attributes": [],
          "private": "bnVsbA=="
        }
      ]
    }
  ]
}
