{
  "version": 4,
  "terraform_version": "1.0.9",
  "serial": 216,
  "lineage": "afc0a455-8011-1872-44e5-5df58dff2121",
  "outputs": {},
  "resources": [
    {
      "mode": "managed",
      "type": "zenduty_esp",
      "name": "esp1",
      "provider": "provider[\"terraform.zenduty1.com/zenduty1corp/zenduty1\"]",
      "instances": [
        {
          "schema_version": 0,
          "attributes": {
            "description": "This is t for the new ESP",
            "id": "370f18dc-fd9f-4353-89c6-34701d03a3ef",
            "move_to_next": true,
            "name": "raform chain esp 1",
            "repeat_policy": 3,
            "rules": [
              {
                "delay": 0,
                "position": 0,
                "targets": [
                  {
                    "target_id": "50012040-37db-4594-a268-a",
                    "target_type": 2
                  }
                ],
                "unique_id": "295958ad-945b-40b4-abb6-56af4f98f626"
              }
            ],
            "summary": "This is t for the new ESP",
            "team_id": "e56ca086-7ead-40be-86b0-3e87c4b82c3c"
          },
          "sensitive_attributes": [],
          "private": "bnVsbA==",
          "dependencies": [
            "zenduty_team.team1"
          ]
        }
      ]
    },
    {
      "mode": "managed",
      "type": "zenduty_esp",
      "name": "esp2",
      "provider": "provider[\"terraform.zenduty1.com/zenduty1corp/zenduty1\"]",
      "instances": [
        {
          "schema_version": 0,
          "attributes": {
            "description": "This is t for the new ESP",
            "id": "680f0bff-8636-4754-b8e8-f1ca3644c5b9",
            "move_to_next": true,
            "name": "rafo 2",
            "repeat_policy": 3,
            "rules": [
              {
                "delay": 0,
                "position": 0,
                "targets": [
                  {
                    "target_id": "50012040-37db-4594-a268-a",
                    "target_type": 2
                  }
                ],
                "unique_id": "295958ad-945b-40b4-abb6-56af4f98f626"
              }
            ],
            "summary": "This is the summ the new ESP",
            "team_id": "e56ca086-7ead-40be-86b0-3e87c4b82c3c"
          },
          "sensitive_attributes": [],
          "private": "bnVsbA==",
          "dependencies": [
            "zenduty_team.team1"
          ]
        }
      ]
    },
    {
      "mode": "managed",
      "type": "zenduty_integrations",
      "name": "integration",
      "provider": "provider[\"terraform.zenduty1.com/zenduty1corp/zenduty1\"]",
      "instances": [
        {
          "schema_version": 0,
          "attributes": {
            "application": "c9acbca3-75e0-44b5-a2c9-891918dd128b",
            "id": "e72690ef-9c4b-477a-a5c2-77fadf369fa0",
            "name": "rafo integration 1",
            "service_id": "36d75ec6-1565-450c-825c-692d65025a12",
            "summary": "This is t for the new Integration",
            "team_id": "e56ca086-7ead-40be-86b0-3e87c4b82c3c"
          },
          "sensitive_attributes": [],
          "private": "bnVsbA==",
          "dependencies": [
            "zenduty_esp.esp1",
            "zenduty_services.service1",
            "zenduty_team.team1"
          ]
        }
      ]
    },
    {
      "mode": "managed",
      "type": "zenduty_integrations",
      "name": "integration1",
      "provider": "provider[\"terraform.zenduty1.com/zenduty1corp/zenduty1\"]",
      "instances": [
        {
          "schema_version": 0,
          "attributes": {
            "application": "c9acbca3-75e0-44b5-a2c9-891918dd128b",
            "id": "a2bf3e0c-013c-4f86-ae1d-0163402c6c34",
            "name": "rafor integration 2",
            "service_id": "164a0da0-8bae-4b45-9aa6-2270aed54925",
            "summary": "This is  for the new Integration",
            "team_id": "e56ca086-7ead-40be-86b0-3e87c4b82c3c"
          },
          "sensitive_attributes": [],
          "private": "bnVsbA==",
          "dependencies": [
            "zenduty_esp.esp2",
            "zenduty_services.service2",
            "zenduty_team.team1"
          ]
        }
      ]
    },
    {
      "mode": "managed",
      "type": "zenduty_roles",
      "name": "role1",
      "provider": "provider[\"terraform.zenduty1.com/zenduty1corp/zenduty1\"]",
      "instances": [
        {
          "schema_version": 0,
          "attributes": {
            "creation_date": null,
            "description": "T is the  for the new Role",
            "id": "511036a5-35fd-427b-9941-bdb75076d2a2",
            "rank": 8,
            "team": "e56ca086-7ead-40be-86b0-3e87c4b82c3c",
            "title": " chain role 1",
            "unique_id": null
          },
          "sensitive_attributes": [],
          "private": "bnVsbA==",
          "dependencies": [
            "zenduty_team.team1"
          ]
        }
      ]
    },
    {
      "mode": "managed",
      "type": "zenduty_roles",
      "name": "role2",
      "provider": "provider[\"terraform.zenduty1.com/zenduty1corp/zenduty1\"]",
      "instances": [
        {
          "schema_version": 0,
          "attributes": {
            "creation_date": null,
            "description": "T is the  for the new Role",
            "id": "bf362817-ba64-4e7b-8163-c5b05c70dbe0",
            "rank": 8,
            "team": "e56ca086-7ead-40be-86b0-3e87c4b82c3c",
            "title": "rafo role 2",
            "unique_id": null
          },
          "sensitive_attributes": [],
          "private": "bnVsbA==",
          "dependencies": [
            "zenduty_team.team1"
          ]
        }
      ]
    },
    {
      "mode": "managed",
      "type": "zenduty_schedules",
      "name": "schedule1",
      "provider": "provider[\"terraform.zenduty1.com/zenduty1corp/zenduty1\"]",
      "instances": [
        {
          "schema_version": 0,
          "attributes": {
            "description": null,
            "id": "52b4dd38-7ef2-45c6-b115-14ab4743125c",
            "layers": [],
            "name": "rafor schedules 1",
            "overrides": [],
            "summary": null,
            "team_id": "e56ca086-7ead-40be-86b0-3e87c4b82c3c",
            "time_zone": "Asia/Kolkata"
          },
          "sensitive_attributes": [],
          "private": "bnVsbA==",
          "dependencies": [
            "zenduty_team.team1"
          ]
        }
      ]
    },
    {
      "mode": "managed",
      "type": "zenduty_schedules",
      "name": "schedule2",
      "provider": "provider[\"terraform.zenduty1.com/zenduty1corp/zenduty1\"]",
      "instances": [
        {
          "schema_version": 0,
          "attributes": {
            "description": null,
            "id": "ace511a3-8b4f-4a4c-b18d-3e571d292313",
            "layers": [],
            "name": "rafor schedules 2",
            "overrides": [],
            "summary": null,
            "team_id": "e56ca086-7ead-40be-86b0-3e87c4b82c3c",
            "time_zone": "Asia/Kolkata"
          },
          "sensitive_attributes": [],
          "private": "bnVsbA==",
          "dependencies": [
            "zenduty_team.team1"
          ]
        }
      ]
    },
    {
      "mode": "managed",
      "type": "zenduty_services",
      "name": "service1",
      "provider": "provider[\"terraform.zenduty1.com/zenduty1corp/zenduty1\"]",
      "instances": [
        {
          "schema_version": 0,
          "attributes": {
            "collation": null,
            "collation_time": null,
            "description": "This is the  for the new Service",
            "escalation_policy": "370f18dc-fd9f-4353-89c6-34701d03a3ef",
            "id": "36d75ec6-1565-450c-825c-692d65025a12",
            "name": " chain service 1",
            "sla": null,
            "summary": null,
            "task_template": null,
            "team_id": "e56ca086-7ead-40be-86b0-3e87c4b82c3c",
            "team_priority": null
          },
          "sensitive_attributes": [],
          "private": "bnVsbA==",
          "dependencies": [
            "zenduty_esp.esp1",
            "zenduty_team.team1"
          ]
        }
      ]
    },
    {
      "mode": "managed",
      "type": "zenduty_services",
      "name": "service2",
      "provider": "provider[\"terraform.zenduty1.com/zenduty1corp/zenduty1\"]",
      "instances": [
        {
          "schema_version": 0,
          "attributes": {
            "collation": null,
            "collation_time": null,
            "description": "This is the  for the new Service",
            "escalation_policy": "680f0bff-8636-4754-b8e8-f1ca3644c5b9",
            "id": "164a0da0-8bae-4b45-9aa6-2270aed54925",
            "name": "raform chain  2",
            "sla": null,
            "summary": null,
            "task_template": null,
            "team_id": "e56ca086-7ead-40be-86b0-3e87c4b82c3c",
            "team_priority": null
          },
          "sensitive_attributes": [],
          "private": "bnVsbA==",
          "dependencies": [
            "zenduty_esp.esp2",
            "zenduty_team.team1"
          ]
        }
      ]
    },
    {
      "mode": "managed",
      "type": "zenduty_team",
      "name": "team1",
      "provider": "provider[\"terraform.zenduty1.com/zenduty1corp/zenduty1\"]",
      "instances": [
        {
          "schema_version": 0,
          "attributes": {
            "id": "e56ca086-7ead-40be-86b0-3e87c4b82c3c",
            "name": "raf chainsss"
          },
          "sensitive_attributes": [],
          "private": "bnVsbA=="
        }
      ]
    }
  ]
}
