{
  "version": 4,
  "terraform_version": "1.0.9",
  "serial": 157,
  "lineage": "afc0a455-8011-1872-44e5-5df58dff2121",
  "outputs": {},
  "resources": [
    {
      "mode": "managed",
      "type": "zenduty_esp",
      "name": "esp1",
      "provider": "provider[\"terraform.zenduty1.com/zenduty1corp/zenduty1\"]",
      "instances": [
        {
          "schema_version": 0,
          "attributes": {
            "description": "This is t for the new ESP",
            "id": "5394a496-bcbb-44a2-9a2b-717ead38f69a",
            "move_to_next": true,
            "name": "terraform chain esp 1",
            "repeat_policy": 3,
            "rules": [
              {
                "delay": 0,
                "position": 0,
                "targets": [
                  {
                    "target_id": "50012040-37db-4594-a268-a",
                    "target_type": 2
                  }
                ],
                "unique_id": "295958ad-945b-40b4-abb6-56af4f98f626"
              }
            ],
            "summary": "This is t for the new ESP",
            "team_id": "4441aa05-b848-4147-a23c-560cc9a53c0c"
          },
          "sensitive_attributes": [],
          "private": "bnVsbA==",
          "dependencies": [
            "zenduty_team.team1"
          ]
        }
      ]
    },
    {
      "mode": "managed",
      "type": "zenduty_esp",
      "name": "esp2",
      "provider": "provider[\"terraform.zenduty1.com/zenduty1corp/zenduty1\"]",
      "instances": [
        {
          "schema_version": 0,
          "attributes": {
            "description": "This is t for the new ESP",
            "id": "038e244a-4f1d-4c23-8964-4a8b7426c652",
            "move_to_next": true,
            "name": "terrafo 2",
            "repeat_policy": 3,
            "rules": [
              {
                "delay": 0,
                "position": 0,
                "targets": [
                  {
                    "target_id": "50012040-37db-4594-a268-a",
                    "target_type": 2
                  }
                ],
                "unique_id": "295958ad-945b-40b4-abb6-56af4f98f626"
              }
            ],
            "summary": "This is the summ the new ESP",
            "team_id": "4441aa05-b848-4147-a23c-560cc9a53c0c"
          },
          "sensitive_attributes": [],
          "private": "bnVsbA==",
          "dependencies": [
            "zenduty_team.team1"
          ]
        }
      ]
    },
    {
      "mode": "managed",
      "type": "zenduty_integrations",
      "name": "integration",
      "provider": "provider[\"terraform.zenduty1.com/zenduty1corp/zenduty1\"]",
      "instances": [
        {
          "schema_version": 0,
          "attributes": {
            "application": "c9acbca3-75e0-44b5-a2c9-891918dd128b",
            "id": "98ba75a5-8f5d-4167-8d37-029b291a4daa",
            "name": "terrafo integration 1",
            "service_id": "e1929abf-a466-4d97-b6c5-7d40f15f68e6",
            "summary": "This is t for the new Integration",
            "team_id": "4441aa05-b848-4147-a23c-560cc9a53c0c"
          },
          "sensitive_attributes": [],
          "private": "bnVsbA==",
          "dependencies": [
            "zenduty_esp.esp1",
            "zenduty_services.service1",
            "zenduty_team.team1"
          ]
        }
      ]
    },
    {
      "mode": "managed",
      "type": "zenduty_integrations",
      "name": "integration1",
      "provider": "provider[\"terraform.zenduty1.com/zenduty1corp/zenduty1\"]",
      "instances": [
        {
          "schema_version": 0,
          "attributes": {
            "application": "c9acbca3-75e0-44b5-a2c9-891918dd128b",
            "id": "5153abf7-f503-4a65-8898-deff0aafd99a",
            "name": "terrafor integration 2",
            "service_id": "50e04258-35da-413e-81a4-205c7b90e898",
            "summary": "This is  for the new Integration",
            "team_id": "4441aa05-b848-4147-a23c-560cc9a53c0c"
          },
          "sensitive_attributes": [],
          "private": "bnVsbA==",
          "dependencies": [
            "zenduty_services.service2",
            "zenduty_team.team1"
          ]
        }
      ]
    },
    {
      "mode": "managed",
      "type": "zenduty_roles",
      "name": "role1",
      "provider": "provider[\"terraform.zenduty1.com/zenduty1corp/zenduty1\"]",
      "instances": [
        {
          "schema_version": 0,
          "attributes": {
            "creation_date": null,
            "description": "T is the  for the new Role",
            "id": "abaa03c8-04ed-46fd-9a82-512e7c6c8508",
            "rank": 8,
            "team": "4441aa05-b848-4147-a23c-560cc9a53c0c",
            "title": " chain role 1",
            "unique_id": null
          },
          "sensitive_attributes": [],
          "private": "bnVsbA==",
          "dependencies": [
            "zenduty_team.team1"
          ]
        }
      ]
    },
    {
      "mode": "managed",
      "type": "zenduty_roles",
      "name": "role2",
      "provider": "provider[\"terraform.zenduty1.com/zenduty1corp/zenduty1\"]",
      "instances": [
        {
          "schema_version": 0,
          "attributes": {
            "creation_date": null,
            "description": "T is the  for the new Role",
            "id": "0cc2617d-d6eb-4cc2-be5d-2952690b0abd",
            "rank": 8,
            "team": "4441aa05-b848-4147-a23c-560cc9a53c0c",
            "title": "terrafo role 2",
            "unique_id": null
          },
          "sensitive_attributes": [],
          "private": "bnVsbA==",
          "dependencies": [
            "zenduty_team.team1"
          ]
        }
      ]
    },
    {
      "mode": "managed",
      "type": "zenduty_schedules",
      "name": "schedule1",
      "provider": "provider[\"terraform.zenduty1.com/zenduty1corp/zenduty1\"]",
      "instances": [
        {
          "schema_version": 0,
          "attributes": {
            "description": null,
            "id": "c1d83c44-715a-4521-947d-ecc0702c9f05",
            "layers": [],
            "name": "terrafor schedules 1",
            "overrides": [],
            "summary": null,
            "team_id": "4441aa05-b848-4147-a23c-560cc9a53c0c",
            "time_zone": "Asia/Kolkata"
          },
          "sensitive_attributes": [],
          "private": "bnVsbA==",
          "dependencies": [
            "zenduty_team.team1"
          ]
        }
      ]
    },
    {
      "mode": "managed",
      "type": "zenduty_schedules",
      "name": "schedule2",
      "provider": "provider[\"terraform.zenduty1.com/zenduty1corp/zenduty1\"]",
      "instances": [
        {
          "schema_version": 0,
          "attributes": {
            "description": null,
            "id": "a1981df4-a92d-4a37-9878-939a069e640c",
            "layers": [],
            "name": "terrafor schedules 2",
            "overrides": [],
            "summary": null,
            "team_id": "4441aa05-b848-4147-a23c-560cc9a53c0c",
            "time_zone": "Asia/Kolkata"
          },
          "sensitive_attributes": [],
          "private": "bnVsbA==",
          "dependencies": [
            "zenduty_team.team1"
          ]
        }
      ]
    },
    {
      "mode": "managed",
      "type": "zenduty_services",
      "name": "service1",
      "provider": "provider[\"terraform.zenduty1.com/zenduty1corp/zenduty1\"]",
      "instances": [
        {
          "schema_version": 0,
          "attributes": {
            "collation": null,
            "collation_time": null,
            "description": "This is the  for the new Service",
            "escalation_policy": "5394a496-bcbb-44a2-9a2b-717ead38f69a",
            "id": "e1929abf-a466-4d97-b6c5-7d40f15f68e6",
            "name": "chain service 1",
            "sla": null,
            "summary": null,
            "task_template": null,
            "team_id": "4441aa05-b848-4147-a23c-560cc9a53c0c",
            "team_priority": null
          },
          "sensitive_attributes": [],
          "private": "bnVsbA==",
          "dependencies": [
            "zenduty_esp.esp1",
            "zenduty_team.team1"
          ]
        }
      ]
    },
    {
      "mode": "managed",
      "type": "zenduty_services",
      "name": "service2",
      "provider": "provider[\"terraform.zenduty1.com/zenduty1corp/zenduty1\"]",
      "instances": [
        {
          "schema_version": 0,
          "attributes": {
            "collation": null,
            "collation_time": null,
            "description": "This is the  for the new Service",
            "escalation_policy": "038e244a-4f1d-4c23-8964-4a8b7426c652",
            "id": "50e04258-35da-413e-81a4-205c7b90e898",
            "name": "terraform chain  2",
            "sla": null,
            "summary": null,
            "task_template": null,
            "team_id": "4441aa05-b848-4147-a23c-560cc9a53c0c",
            "team_priority": null
          },
          "sensitive_attributes": [],
          "private": "bnVsbA==",
          "dependencies": [
            "zenduty_esp.esp2",
            "zenduty_team.team1"
          ]
        }
      ]
    },
    {
      "mode": "managed",
      "type": "zenduty_team",
      "name": "team1",
      "provider": "provider[\"terraform.zenduty1.com/zenduty1corp/zenduty1\"]",
      "instances": [
        {
          "schema_version": 0,
          "attributes": {
            "id": "4441aa05-b848-4147-a23c-560cc9a53c0c",
            "name": "terrafWW chainsss"
          },
          "sensitive_attributes": [],
          "private": "bnVsbA=="
        }
      ]
    }
  ]
}
