{
  "version": 4,
  "terraform_version": "1.0.9",
  "serial": 7,
  "lineage": "1e016ce0-b251-5ee4-cbce-ddd477b54227",
  "outputs": {},
  "resources": [
    {
      "mode": "managed",
      "type": "zenduty_roles",
      "name": "test5",
      "provider": "provider[\"terraform.zenduty1.com/zenduty1corp/zenduty1\"]",
      "instances": [
        {
          "schema_version": 0,
          "attributes": {
            "creation_date": null,
            "description": "hello",
            "id": "6d6fe9ef-f553-4155-8843-11c50bc352b1",
            "rank": null,
            "team": "510fca1c-4d29-430a-a164-adcbf1e455f1",
            "title": "updateds",
            "unique_id": null
          },
          "sensitive_attributes": [],
          "private": "bnVsbA=="
        }
      ]
    }
  ]
}
