{
  "version": 4,
  "terraform_version": "1.0.9",
  "serial": 93,
  "lineage": "89de624c-41bd-57b2-41f3-0dbcb10b0c4a",
  "outputs": {
    "integrations": {
      "value": {
        "id": "2021-11-09 14:39:53.4362375 +0530 IST m=+0.859109501",
        "integartion_id": "2c20a676-fba2-40e7-aa83-8235d7972b8d",
        "results": [
          {
            "application": "c9acbca3-75e0-44b5-a2c9-891918dd128b",
            "application_reference": {
              "categories": "Popular",
              "description": "Coralogix is a SaaS platform that uses machine learning algorithms to facilitate delivery and maintenance processes for software providers.",
              "documentation_link": "https://docs.zenduty.com/docs/coralogix",
              "extension": "coralogix",
              "icon_url": "https://yt3.ggpht.com/ytc/AAUvwngOrZENh6reK7yZqkOT7gmCiMbm5o76OcXVIYQmaQ=s88-c-k-c0x00ffffff-no-rj",
              "name": "Coralogix",
              "setup_instructions": "Check the docs",
              "summary": "Coralogix is a SaaS platform that uses machine learning algorithms to facilitate delivery and maintenance processes for software providers.",
              "unique_id": "c9acbca3-75e0-44b5-a2c9-891918dd128b"
            },
            "create_incidents_for": 0,
            "created_by": "50012040-37db-4594-a268-a",
            "creation_date": "2021-11-05T10:49:45.137936Z",
            "default_urgency": 0,
            "integration_key": "2889e37f-f062-4fcc-84c0-80b20ed41f2e",
            "integration_type": 0,
            "name": "test integration",
            "service": "e6618036-56a7-4e84-980e-f15ac027d556",
            "summary": "testing",
            "unique_id": "2c20a676-fba2-40e7-aa83-8235d7972b8d"
          }
        ],
        "service_id": "e6618036-56a7-4e84-980e-f15ac027d556",
        "team_id": "dd518f4d-dbce-4ad2-b5be-ceff597c67f8"
      },
      "type": [
        "object",
        {
          "id": "string",
          "integartion_id": "string",
          "results": [
            "list",
            [
              "object",
              {
                "application": "string",
                "application_reference": [
                  "map",
                  "string"
                ],
                "create_incidents_for": "number",
                "created_by": "string",
                "creation_date": "string",
                "default_urgency": "number",
                "integration_key": "string",
                "integration_type": "number",
                "name": "string",
                "service": "string",
                "summary": "string",
                "unique_id": "string"
              }
            ]
          ],
          "service_id": "string",
          "team_id": "string"
        }
      ]
    }
  },
  "resources": [
    {
      "mode": "data",
      "type": "zenduty_integrations",
      "name": "integrations",
      "provider": "provider[\"terraform.zenduty1.com/zenduty1corp/zenduty1\"]",
      "instances": [
        {
          "schema_version": 0,
          "attributes": {
            "id": "2021-11-09 14:39:53.4362375 +0530 IST m=+0.859109501",
            "integartion_id": "2c20a676-fba2-40e7-aa83-8235d7972b8d",
            "results": [
              {
                "application": "c9acbca3-75e0-44b5-a2c9-891918dd128b",
                "application_reference": {
                  "categories": "Popular",
                  "description": "Coralogix is a SaaS platform that uses machine learning algorithms to facilitate delivery and maintenance processes for software providers.",
                  "documentation_link": "https://docs.zenduty.com/docs/coralogix",
                  "extension": "coralogix",
                  "icon_url": "https://yt3.ggpht.com/ytc/AAUvwngOrZENh6reK7yZqkOT7gmCiMbm5o76OcXVIYQmaQ=s88-c-k-c0x00ffffff-no-rj",
                  "name": "Coralogix",
                  "setup_instructions": "Check the docs",
                  "summary": "Coralogix is a SaaS platform that uses machine learning algorithms to facilitate delivery and maintenance processes for software providers.",
                  "unique_id": "c9acbca3-75e0-44b5-a2c9-891918dd128b"
                },
                "create_incidents_for": 0,
                "created_by": "50012040-37db-4594-a268-a",
                "creation_date": "2021-11-05T10:49:45.137936Z",
                "default_urgency": 0,
                "integration_key": "2889e37f-f062-4fcc-84c0-80b20ed41f2e",
                "integration_type": 0,
                "name": "test integration",
                "service": "e6618036-56a7-4e84-980e-f15ac027d556",
                "summary": "testing",
                "unique_id": "2c20a676-fba2-40e7-aa83-8235d7972b8d"
              }
            ],
            "service_id": "e6618036-56a7-4e84-980e-f15ac027d556",
            "team_id": "dd518f4d-dbce-4ad2-b5be-ceff597c67f8"
          },
          "sensitive_attributes": []
        }
      ]
    },
    {
      "mode": "managed",
      "type": "zenduty_roles",
      "name": "rank_test",
      "provider": "provider[\"terraform.zenduty1.com/zenduty1corp/zenduty1\"]",
      "instances": [
        {
          "schema_version": 0,
          "attributes": {
            "creation_date": null,
            "description": "T is the description for the new Role",
            "id": "44293147-ce4a-4d56-92e0-d12ad439970c",
            "rank": 10,
            "team": "510fca1c-4d29-430a-a164-adcbf1e455f1",
            "title": "crud",
            "unique_id": null
          },
          "sensitive_attributes": [],
          "private": "bnVsbA=="
        }
      ]
    },
    {
      "mode": "managed",
      "type": "zenduty_roles",
      "name": "test",
      "provider": "provider[\"terraform.zenduty1.com/zenduty1corp/zenduty1\"]",
      "instances": [
        {
          "schema_version": 0,
          "attributes": {
            "creation_date": null,
            "description": "T is the description for the new Role",
            "id": "f4929c11-4edf-468e-8d16-c0b32910edb5",
            "rank": 10,
            "team": "dd518f4d-dbce-4ad2-b5be-ceff597c67f8",
            "title": "crud",
            "unique_id": null
          },
          "sensitive_attributes": [],
          "private": "bnVsbA=="
        }
      ]
    }
  ]
}
