{
  "version": 4,
  "terraform_version": "1.0.9",
  "serial": 76,
  "lineage": "89de624c-41bd-57b2-41f3-0dbcb10b0c4a",
  "outputs": {
    "services": {
      "value": {
        "id": "2021-11-08 19:08:01.3004665 +0530 IST m=+1.013405701",
        "services": [
          {
            "acknowledgement_timeout": 0,
            "auto_resolve_timeout": 0,
            "collation": 0,
            "collation_time": 0,
            "created_by": "50012040-37db-4594-a268-a",
            "creation_date": "2021-11-05T10:40:13.830145Z",
            "description": "",
            "escalation_policy": "86d2d574-0027-4593-acfa-7830c9a69dd6",
            "name": "Sample Service",
            "sla": "",
            "status": 1,
            "summary": "",
            "task_template": "",
            "team": "dd518f4d-dbce-4ad2-b5be-ceff597c67f8",
            "team_priority": "",
            "under_maintenance": false,
            "unique_id": "e6618036-56a7-4e84-980e-f15ac027d556"
          }
        ],
        "team_id": "dd518f4d-dbce-4ad2-b5be-ceff597c67f8"
      },
      "type": [
        "object",
        {
          "id": "string",
          "services": [
            "list",
            [
              "object",
              {
                "acknowledgement_timeout": "number",
                "auto_resolve_timeout": "number",
                "collation": "number",
                "collation_time": "number",
                "created_by": "string",
                "creation_date": "string",
                "description": "string",
                "escalation_policy": "string",
                "name": "string",
                "sla": "string",
                "status": "number",
                "summary": "string",
                "task_template": "string",
                "team": "string",
                "team_priority": "string",
                "under_maintenance": "bool",
                "unique_id": "string"
              }
            ]
          ],
          "team_id": "string"
        }
      ]
    }
  },
  "resources": [
    {
      "mode": "data",
      "type": "zenduty_services",
      "name": "services",
      "provider": "provider[\"terraform.zenduty1.com/zenduty1corp/zenduty1\"]",
      "instances": [
        {
          "schema_version": 0,
          "attributes": {
            "id": "2021-11-08 19:08:01.3004665 +0530 IST m=+1.013405701",
            "services": [
              {
                "acknowledgement_timeout": 0,
                "auto_resolve_timeout": 0,
                "collation": 0,
                "collation_time": 0,
                "created_by": "50012040-37db-4594-a268-a",
                "creation_date": "2021-11-05T10:40:13.830145Z",
                "description": "",
                "escalation_policy": "86d2d574-0027-4593-acfa-7830c9a69dd6",
                "name": "Sample Service",
                "sla": "",
                "status": 1,
                "summary": "",
                "task_template": "",
                "team": "dd518f4d-dbce-4ad2-b5be-ceff597c67f8",
                "team_priority": "",
                "under_maintenance": false,
                "unique_id": "e6618036-56a7-4e84-980e-f15ac027d556"
              }
            ],
            "team_id": "dd518f4d-dbce-4ad2-b5be-ceff597c67f8"
          },
          "sensitive_attributes": []
        }
      ]
    },
    {
      "mode": "managed",
      "type": "zenduty_roles",
      "name": "rank_test",
      "provider": "provider[\"terraform.zenduty1.com/zenduty1corp/zenduty1\"]",
      "instances": [
        {
          "schema_version": 0,
          "attributes": {
            "creation_date": null,
            "description": "T is the description for the new Role",
            "id": "44293147-ce4a-4d56-92e0-d12ad439970c",
            "rank": 10,
            "team": "510fca1c-4d29-430a-a164-adcbf1e455f1",
            "title": "crud",
            "unique_id": null
          },
          "sensitive_attributes": [],
          "private": "bnVsbA=="
        }
      ]
    },
    {
      "mode": "managed",
      "type": "zenduty_roles",
      "name": "test",
      "provider": "provider[\"terraform.zenduty1.com/zenduty1corp/zenduty1\"]",
      "instances": [
        {
          "schema_version": 0,
          "attributes": {
            "creation_date": null,
            "description": "T is the description for the new Role",
            "id": "f4929c11-4edf-468e-8d16-c0b32910edb5",
            "rank": 10,
            "team": "dd518f4d-dbce-4ad2-b5be-ceff597c67f8",
            "title": "crud",
            "unique_id": null
          },
          "sensitive_attributes": [],
          "private": "bnVsbA=="
        }
      ]
    }
  ]
}
