{
  "version": 4,
  "terraform_version": "1.0.9",
  "serial": 9,
  "lineage": "89de624c-41bd-57b2-41f3-0dbcb10b0c4a",
  "outputs": {},
  "resources": [
    {
      "mode": "managed",
      "type": "zenduty_roles",
      "name": "testinge",
      "provider": "provider[\"terraform.zenduty1.com/zenduty1corp/zenduty1\"]",
      "instances": [
        {
          "schema_version": 0,
          "attributes": {
            "creation_date": null,
            "description": "This is the description for the new Role",
            "id": "cd6636cf-0a98-414a-a344-856704b8c8eb",
            "rank": null,
            "team": "510fca1c-4d29-430a-a164-adcbf1e455f1",
            "title": "News delete",
            "unique_id": null
          },
          "sensitive_attributes": [],
          "private": "bnVsbA=="
        }
      ]
    }
  ]
}
