{
  "version": 4,
  "terraform_version": "1.0.9",
  "serial": 35,
  "lineage": "89de624c-41bd-57b2-41f3-0dbcb10b0c4a",
  "outputs": {
    "roles": {
      "value": {
        "id": "2021-11-05 15:27:10.8324396 +0530 IST m=+3.203300601",
        "number": null,
        "results": [
          {
            "incident_number": 80,
            "summary": "TEsting stage"
          },
          {
            "incident_number": 79,
            "summary": "123123"
          },
          {
            "incident_number": 78,
            "summary": "Testing timezone 4"
          },
          {
            "incident_number": 77,
            "summary": "Testing Seoul 2"
          },
          {
            "incident_number": 76,
            "summary": "TEsting Seoul time"
          },
          {
            "incident_number": 75,
            "summary": "Some summary"
          },
          {
            "incident_number": 74,
            "summary": "Testing IST"
          },
          {
            "incident_number": 73,
            "summary": "Testing comms 3"
          },
          {
            "incident_number": 72,
            "summary": "Test Comms etc 2"
          },
          {
            "incident_number": 71,
            "summary": "Test Comms etc"
          }
        ],
        "status": null
      },
      "type": [
        "object",
        {
          "id": "string",
          "number": "string",
          "results": [
            "list",
            [
              "object",
              {
                "incident_number": "number",
                "summary": "string"
              }
            ]
          ],
          "status": "string"
        }
      ]
    }
  },
  "resources": [
    {
      "mode": "data",
      "type": "zenduty_incidents",
      "name": "incidents",
      "provider": "provider[\"terraform.zenduty1.com/zenduty1corp/zenduty1\"]",
      "instances": [
        {
          "schema_version": 0,
          "attributes": {
            "id": "2021-11-05 15:27:10.8324396 +0530 IST m=+3.203300601",
            "number": null,
            "results": [
              {
                "incident_number": 80,
                "summary": "TEsting stage"
              },
              {
                "incident_number": 79,
                "summary": "123123"
              },
              {
                "incident_number": 78,
                "summary": "Testing timezone 4"
              },
              {
                "incident_number": 77,
                "summary": "Testing Seoul 2"
              },
              {
                "incident_number": 76,
                "summary": "TEsting Seoul time"
              },
              {
                "incident_number": 75,
                "summary": "Some summary"
              },
              {
                "incident_number": 74,
                "summary": "Testing IST"
              },
              {
                "incident_number": 73,
                "summary": "Testing comms 3"
              },
              {
                "incident_number": 72,
                "summary": "Test Comms etc 2"
              },
              {
                "incident_number": 71,
                "summary": "Test Comms etc"
              }
            ],
            "status": null
          },
          "sensitive_attributes": []
        }
      ]
    },
    {
      "mode": "managed",
      "type": "zenduty_roles",
      "name": "rank_test",
      "provider": "provider[\"terraform.zenduty1.com/zenduty1corp/zenduty1\"]",
      "instances": [
        {
          "schema_version": 0,
          "attributes": {
            "creation_date": null,
            "description": "T is the description for the new Role",
            "id": "44293147-ce4a-4d56-92e0-d12ad439970c",
            "rank": 10,
            "team": "510fca1c-4d29-430a-a164-adcbf1e455f1",
            "title": "crud",
            "unique_id": null
          },
          "sensitive_attributes": [],
          "private": "bnVsbA=="
        }
      ]
    }
  ]
}
